version = 1
revision = 3
requires-python = ">=3.9.6, <3.10"

[[package]]
name = "beautifulsoup4"
version = "4.14.3"
source = { registry = "https://pypi.org/simple" }
dependencies = [
    { name = "soupsieve" },
    { name = "typing-extensions" },
]
sdist = { url = "https://files.pythonhosted.org/packages/c3/b0/1c6a16426d389813b48d95e26898aff79abbde42ad353958ad95cc8c9b21/beautifulsoup4-4.14.3.tar.gz", hash = "sha256:6292b1c5186d356bba669ef9f7f051757099565ad9ada5dd630bd9de5fa7fb86", size = 627737, upload-time = "2025-11-30T15:08:26.084Z" }
wheels = [
    { url = "https://files.pythonhosted.org/packages/1a/39/47f9197bdd44df24d67ac8893641e16f386c984a0619ef2ee4c51fbbc019/beautifulsoup4-4.14.3-py3-none-any.whl", hash = "sha256:0918bfe44902e6ad8d57732ba310582e98da931428d231a5ecb9e7c703a735bb", size = 107721, upload-time = "2025-11-30T15:08:24.087Z" },
]

[[package]]
name = "certifi"
version = "2026.4.22"
source = { registry = "https://pypi.org/simple" }
sdist = { url = "https://files.pythonhosted.org/packages/25/ee/6caf7a40c36a1220410afe15a1cc64993a1f864871f698c0f93acb72842a/certifi-2026.4.22.tar.gz", hash = "sha256:8d455352a37b71bf76a79caa83a3d6c25afee4a385d632127b6afb3963f1c580", size = 137077, upload-time = "2026-04-22T11:26:11.191Z" }
wheels = [
    { url = "https://files.pythonhosted.org/packages/22/30/7cd8fdcdfbc5b869528b079bfb76dcdf6056b1a2097a662e5e8c04f42965/certifi-2026.4.22-py3-none-any.whl", hash = "sha256:3cb2210c8f88ba2318d29b0388d1023c8492ff72ecdde4ebdaddbb13a31b1c4a", size = 135707, upload-time = "2026-04-22T11:26:09.372Z" },
]

[[package]]
name = "charset-normalizer"
version = "3.4.7"
source = { registry = "https://pypi.org/simple" }
sdist = { url = "https://files.pythonhosted.org/packages/e7/a1/67fe25fac3c7642725500a3f6cfe5821ad557c3abb11c9d20d12c7008d3e/charset_normalizer-3.4.7.tar.gz", hash = "sha256:ae89db9e5f98a11a4bf50407d4363e7b09b31e55bc117b4f7d80aab97ba009e5", size = 144271, upload-time = "2026-04-02T09:28:39.342Z" }
wheels = [
    { url = "https://files.pythonhosted.org/packages/01/1b/ef725f8eb19b5a261b30f78efa9252ef9d017985cb499102f6f49834cd12/charset_normalizer-3.4.7-cp39-cp39-macosx_10_9_universal2.whl", hash = "sha256:177a0ba5f0211d488e295aaf82707237e331c24788d8d76c96c5a41594723217", size = 299121, upload-time = "2026-04-02T09:28:14.372Z" },
    { url = "https://files.pythonhosted.org/packages/a3/22/2f12878fbc680fbbb52386cd39a379801f62eaca74fc8b323381325f0f04/charset_normalizer-3.4.7-cp39-cp39-manylinux2014_aarch64.manylinux_2_17_aarch64.manylinux_2_28_aarch64.whl", hash = "sha256:6e0d51f618228538a3e8f46bd246f87a6cd030565e015803691603f55e12afb5", size = 200612, upload-time = "2026-04-02T09:28:16.162Z" },
    { url = "https://files.pythonhosted.org/packages/bc/b6/10c84e789126ca97d4a7228863a30481e786980a8b8cfcbf4f30658ca63c/charset_normalizer-3.4.7-cp39-cp39-manylinux2014_ppc64le.manylinux_2_17_ppc64le.manylinux_2_28_ppc64le.whl", hash = "sha256:14265bfe1f09498b9d8ec91e9ec9fa52775edf90fcbde092b25f4a33d444fea9", size = 221041, upload-time = "2026-04-02T09:28:17.554Z" },
    { url = "https://files.pythonhosted.org/packages/21/7b/c414866a138400b2e81973d006da7f694cfeaf895ef07d2cba9a8743841a/charset_normalizer-3.4.7-cp39-cp39-manylinux2014_s390x.manylinux_2_17_s390x.manylinux_2_28_s390x.whl", hash = "sha256:87fad7d9ba98c86bcb41b2dc8dbb326619be2562af1f8ff50776a39e55721c5a", size = 216323, upload-time = "2026-04-02T09:28:18.863Z" },
    { url = "https://files.pythonhosted.org/packages/2e/92/bdcf94997e06b223d826df3abed45a5ad6e17f609b7df9d25cd23b5bde30/charset_normalizer-3.4.7-cp39-cp39-manylinux2014_x86_64.manylinux_2_17_x86_64.manylinux_2_28_x86_64.whl", hash = "sha256:f22dec1690b584cea26fade98b2435c132c1b5f68e39f5a0b7627cd7ae31f1dc", size = 208419, upload-time = "2026-04-02T09:28:20.332Z" },
    { url = "https://files.pythonhosted.org/packages/1a/64/3f9142293c88b1b10e199649ed1330f070c2a68e305335a5819fa7f25fa7/charset_normalizer-3.4.7-cp39-cp39-manylinux_2_31_armv7l.whl", hash = "sha256:d61f00a0869d77422d9b2aba989e2d24afa6ffd552af442e0e58de4f35ea6d00", size = 195016, upload-time = "2026-04-02T09:28:21.657Z" },
    { url = "https://files.pythonhosted.org/packages/c1/d1/d8a6b7dd5c5636b76ce0d080bc57d8e56c7bbd6bc2ac941529a35e41d84a/charset_normalizer-3.4.7-cp39-cp39-manylinux_2_31_riscv64.manylinux_2_39_riscv64.whl", hash = "sha256:6370e8686f662e6a3941ee48ed4742317cafbe5707e36406e9df792cdb535776", size = 206115, upload-time = "2026-04-02T09:28:23.259Z" },
    { url = "https://files.pythonhosted.org/packages/dd/8c/60ebe912379627d023eb96995b40bc50308729f210f43d66109ca0a7bbd2/charset_normalizer-3.4.7-cp39-cp39-musllinux_1_2_aarch64.whl", hash = "sha256:a6c5863edfbe888d9eff9c8b8087354e27618d9da76425c119293f11712a6319", size = 204022, upload-time = "2026-04-02T09:28:24.779Z" },
    { url = "https://files.pythonhosted.org/packages/d5/2a/41816ceda78a551cbfdfbeab6f3891152b0e3f758ce6580c2c18c829f774/charset_normalizer-3.4.7-cp39-cp39-musllinux_1_2_armv7l.whl", hash = "sha256:ed065083d0898c9d5b4bbec7b026fd755ff7454e6e8b73a67f8c744b13986e24", size = 195914, upload-time = "2026-04-02T09:28:26.181Z" },
    { url = "https://files.pythonhosted.org/packages/8f/9b/7c7f4b7f11525fcbdfba752455314ac60646bae91cdd671d531c1f7a97c6/charset_normalizer-3.4.7-cp39-cp39-musllinux_1_2_ppc64le.whl", hash = "sha256:2cd4a60d0e2fb04537162c62bbbb4182f53541fe0ede35cdf270a1c1e723cc42", size = 222159, upload-time = "2026-04-02T09:28:27.504Z" },
    { url = "https://files.pythonhosted.org/packages/9f/57/301682e7469bdbfa2ce219a804f0668b2266ab8520570d85d3b3ef483ea3/charset_normalizer-3.4.7-cp39-cp39-musllinux_1_2_riscv64.whl", hash = "sha256:813c0e0132266c08eb87469a642cb30aaff57c5f426255419572aaeceeaa7bf4", size = 206154, upload-time = "2026-04-02T09:28:28.848Z" },
    { url = "https://files.pythonhosted.org/packages/20/ec/90339ff5cdc598b265748c1f231c7d7fbd9123a92cee10f757e0b1448de4/charset_normalizer-3.4.7-cp39-cp39-musllinux_1_2_s390x.whl", hash = "sha256:07d9e39b01743c3717745f4c530a6349eadbfa043c7577eef86c502c15df2c67", size = 217423, upload-time = "2026-04-02T09:28:30.248Z" },
    { url = "https://files.pythonhosted.org/packages/2e/e7/a7a6147f8e3375676309cf584b25c72a3bab784ea4085b0011fa07b23aeb/charset_normalizer-3.4.7-cp39-cp39-musllinux_1_2_x86_64.whl", hash = "sha256:c0f081d69a6e58272819b70288d3221a6ee64b98df852631c80f293514d3b274", size = 210604, upload-time = "2026-04-02T09:28:31.736Z" },
    { url = "https://files.pythonhosted.org/packages/1a/62/d9340c7a79c393e57807d7fb6c57e82060687891f81b74d3201958b919c1/charset_normalizer-3.4.7-cp39-cp39-win32.whl", hash = "sha256:8751d2787c9131302398b11e6c8068053dcb55d5a8964e114b6e196cf16cb366", size = 144631, upload-time = "2026-04-02T09:28:33.158Z" },
    { url = "https://files.pythonhosted.org/packages/21/e7/92901117e2ddc8facfe8235a3ecd4eb482185b2ad5d5b6606b37c1afea06/charset_normalizer-3.4.7-cp39-cp39-win_amd64.whl", hash = "sha256:12a6fff75f6bc66711b73a2f0addfc4c8c15a20e805146a02d147a318962c444", size = 154710, upload-time = "2026-04-02T09:28:34.557Z" },
    { url = "https://files.pythonhosted.org/packages/cc/4f/e1fb138201ad9a32499dd9a98aa4a5a5441fbf7f56b52b619a54b7ee8777/charset_normalizer-3.4.7-cp39-cp39-win_arm64.whl", hash = "sha256:bb8cc7534f51d9a017b93e3e85b260924f909601c3df002bcdb58ddb4dc41a5c", size = 143716, upload-time = "2026-04-02T09:28:35.908Z" },
    { url = "https://files.pythonhosted.org/packages/db/8f/61959034484a4a7c527811f4721e75d02d653a35afb0b6054474d8185d4c/charset_normalizer-3.4.7-py3-none-any.whl", hash = "sha256:3dce51d0f5e7951f8bb4900c257dad282f49190fdbebecd4ba99bcc41fef404d", size = 61958, upload-time = "2026-04-02T09:28:37.794Z" },
]

[[package]]
name = "colorama"
version = "0.4.6"
source = { registry = "https://pypi.org/simple" }
sdist = { url = "https://files.pythonhosted.org/packages/d8/53/6f443c9a4a8358a93a6792e2acffb9d9d5cb0a5cfd8802644b7b1c9a02e4/colorama-0.4.6.tar.gz", hash = "sha256:08695f5cb7ed6e0531a20572697297273c47b8cae5a63ffc6d6ed5c201be6e44", size = 27697, upload-time = "2022-10-25T02:36:22.414Z" }
wheels = [
    { url = "https://files.pythonhosted.org/packages/d1/d6/3965ed04c63042e047cb6a3e6ed1a63a35087b6a609aa3a15ed8ac56c221/colorama-0.4.6-py2.py3-none-any.whl", hash = "sha256:4f1d9991f5acc0ca119f9d443620b77f9d6b33703e51011c16baf57afb285fc6", size = 25335, upload-time = "2022-10-25T02:36:20.889Z" },
]

[[package]]
name = "exceptiongroup"
version = "1.3.1"
source = { registry = "https://pypi.org/simple" }
dependencies = [
    { name = "typing-extensions" },
]
sdist = { url = "https://files.pythonhosted.org/packages/50/79/66800aadf48771f6b62f7eb014e352e5d06856655206165d775e675a02c9/exceptiongroup-1.3.1.tar.gz", hash = "sha256:8b412432c6055b0b7d14c310000ae93352ed6754f70fa8f7c34141f91c4e3219", size = 30371, upload-time = "2025-11-21T23:01:54.787Z" }
wheels = [
    { url = "https://files.pythonhosted.org/packages/8a/0e/97c33bf5009bdbac74fd2beace167cab3f978feb69cc36f1ef79360d6c4e/exceptiongroup-1.3.1-py3-none-any.whl", hash = "sha256:a7a39a3bd276781e98394987d3a5701d0c4edffb633bb7a5144577f82c773598", size = 16740, upload-time = "2025-11-21T23:01:53.443Z" },
]

[[package]]
name = "idna"
version = "3.13"
source = { registry = "https://pypi.org/simple" }
sdist = { url = "https://files.pythonhosted.org/packages/ce/cc/762dfb036166873f0059f3b7de4565e1b5bc3d6f28a414c13da27e442f99/idna-3.13.tar.gz", hash = "sha256:585ea8fe5d69b9181ec1afba340451fba6ba764af97026f92a91d4eef164a242", size = 194210, upload-time = "2026-04-22T16:42:42.314Z" }
wheels = [
    { url = "https://files.pythonhosted.org/packages/5d/13/ad7d7ca3808a898b4612b6fe93cde56b53f3034dcde235acb1f0e1df24c6/idna-3.13-py3-none-any.whl", hash = "sha256:892ea0cde124a99ce773decba204c5552b69c3c67ffd5f232eb7696135bc8bb3", size = 68629, upload-time = "2026-04-22T16:42:40.909Z" },
]

[[package]]
name = "iniconfig"
version = "2.1.0"
source = { registry = "https://pypi.org/simple" }
sdist = { url = "https://files.pythonhosted.org/packages/f2/97/ebf4da567aa6827c909642694d71c9fcf53e5b504f2d96afea02718862f3/iniconfig-2.1.0.tar.gz", hash = "sha256:3abbd2e30b36733fee78f9c7f7308f2d0050e88f0087fd25c2645f63c773e1c7", size = 4793, upload-time = "2025-03-19T20:09:59.721Z" }
wheels = [
    { url = "https://files.pythonhosted.org/packages/2c/e1/e6716421ea10d38022b952c159d5161ca1193197fb744506875fbb87ea7b/iniconfig-2.1.0-py3-none-any.whl", hash = "sha256:9deba5723312380e77435581c6bf4935c94cbfab9b1ed33ef8d238ea168eb760", size = 6050, upload-time = "2025-03-19T20:10:01.071Z" },
]

[[package]]
name = "karaoke-scraper"
version = "0.1.0"
source = { virtual = "." }
dependencies = [
    { name = "beautifulsoup4" },
    { name = "lxml" },
    { name = "python-dotenv" },
    { name = "rapidfuzz" },
    { name = "requests" },
]

[package.dev-dependencies]
dev = [
    { name = "pytest" },
    { name = "ruff" },
]

[package.metadata]
requires-dist = [
    { name = "beautifulsoup4", specifier = ">=4.12" },
    { name = "lxml", specifier = ">=5.0" },
    { name = "python-dotenv", specifier = ">=1.0" },
    { name = "rapidfuzz", specifier = ">=3.9" },
    { name = "requests", specifier = ">=2.32" },
]

[package.metadata.requires-dev]
dev = [
    { name = "pytest", specifier = ">=8.0" },
    { name = "ruff", specifier = ">=0.6" },
]

[[package]]
name = "lxml"
version = "6.1.0"
source = { registry = "https://pypi.org/simple" }
sdist = { url = "https://files.pythonhosted.org/packages/28/30/9abc9e34c657c33834eaf6cd02124c61bdf5944d802aa48e69be8da3585d/lxml-6.1.0.tar.gz", hash = "sha256:bfd57d8008c4965709a919c3e9a98f76c2c7cb319086b3d26858250620023b13", size = 4197006, upload-time = "2026-04-18T04:32:51.613Z" }
wheels = [
    { url = "https://files.pythonhosted.org/packages/4e/e5/ce4f6c3fd846b6e84fd26e4451e0dd71ed41c11c06f933bc5e14209b8424/lxml-6.1.0-cp39-cp39-macosx_10_9_universal2.whl", hash = "sha256:920354904d1cb86577d4b3cfe2830c2dbe81d6f4449e57ada428f1609b5985f7", size = 8553758, upload-time = "2026-04-18T04:32:27.055Z" },
    { url = "https://files.pythonhosted.org/packages/2a/c3/2dc396e40e6df8fa4f9aed713bd24d3ded0d2c59f6c526f374a4f20e2711/lxml-6.1.0-cp39-cp39-macosx_10_9_x86_64.whl", hash = "sha256:c871299c595ee004d186f61840f0bfc4941aa3f17c8ba4a565ead7e4f4f820ee", size = 4607719, upload-time = "2026-04-18T04:32:30.824Z" },
    { url = "https://files.pythonhosted.org/packages/89/cf/b9d36b388e3bffdae6d1c987e91ad08dae487bc1a45f499343d081b8b18e/lxml-6.1.0-cp39-cp39-manylinux2014_aarch64.manylinux_2_17_aarch64.whl", hash = "sha256:d0d799ff958655781296ec870d5e2448e75150da2b3d07f13ff5b0c2c35beefd", size = 5006003, upload-time = "2026-04-18T04:35:32.715Z" },
    { url = "https://files.pythonhosted.org/packages/63/d9/28589f385b6028f1700a5d88444a3278b1b2e81425b71f44fb234082135d/lxml-6.1.0-cp39-cp39-manylinux2014_x86_64.manylinux_2_17_x86_64.whl", hash = "sha256:7ba11752e346bd804ea312ec2eea2532dfa8b8d3261d81a32ef9e6ab16256280", size = 5159902, upload-time = "2026-04-18T04:35:35.444Z" },
    { url = "https://files.pythonhosted.org/packages/57/fc/4d1ecc9f767fce8eec8e36b42c2b046e2076d71cb3f27363920c2c2a3412/lxml-6.1.0-cp39-cp39-manylinux_2_26_aarch64.manylinux_2_28_aarch64.whl", hash = "sha256:26c5272c6a4bf4cf32d3f5a7890c942b0e04438691157d341616d02cca74d4bd", size = 5062833, upload-time = "2026-04-18T04:35:38.185Z" },
    { url = "https://files.pythonhosted.org/packages/ee/85/4f183628e66b04390a78db807c79b2956a995f7fed5061fd73a54b9f8b7b/lxml-6.1.0-cp39-cp39-manylinux_2_26_x86_64.manylinux_2_28_x86_64.whl", hash = "sha256:c53fa3a5a52122d590e847a57ccf955557b9634a7f99ff5a35131321b0a85317", size = 5292986, upload-time = "2026-04-18T04:35:41.477Z" },
    { url = "https://files.pythonhosted.org/packages/c2/53/82043639bd363b82b0b480b5ec1f596ec09be6bf65358f0c44ea05e113c3/lxml-6.1.0-cp39-cp39-manylinux_2_28_i686.whl", hash = "sha256:76b958b4ea3104483c20f74866d55aa056546e15ebe83dd7aecd63698f43b755", size = 5416696, upload-time = "2026-04-18T04:35:44.358Z" },
    { url = "https://files.pythonhosted.org/packages/e6/84/12769cfd85fa18595d22ad6f4ea0ec548e3ba78c3111738fa5d1389321d6/lxml-6.1.0-cp39-cp39-manylinux_2_31_armv7l.whl", hash = "sha256:8c11b984b5ce6add4dccc7144c7be5d364d298f15b0c6a57da1991baedc750ce", size = 4773350, upload-time = "2026-04-18T04:35:47.407Z" },
    { url = "https://files.pythonhosted.org/packages/2c/7e/c8ca946407eb1dfc934681f8adfc7903d3541328d03cb372d4df323b0b58/lxml-6.1.0-cp39-cp39-manylinux_2_38_riscv64.manylinux_2_39_riscv64.whl", hash = "sha256:d3829a6e6fd550a219564912d4002c537f65da4c6ae4e093cc34462f4fa027ad", size = 5361754, upload-time = "2026-04-18T04:35:49.93Z" },
    { url = "https://files.pythonhosted.org/packages/f8/c3/a1eec3a444d1d6004e2eaf299eeaf43974f7cd9b602d191974dc0ef6dd2e/lxml-6.1.0-cp39-cp39-musllinux_1_2_aarch64.whl", hash = "sha256:52b0ac6903cf74ebf997eb8c682d2fbac7d1ab7e4c552413eec55868a9b73f39", size = 5111074, upload-time = "2026-04-18T04:35:52.469Z" },
    { url = "https://files.pythonhosted.org/packages/d1/64/8e5b591750799f9e1ae7f72c1fd74c0489d503a255329462a27921e41ccf/lxml-6.1.0-cp39-cp39-musllinux_1_2_armv7l.whl", hash = "sha256:29f5c00cb7d752bce2c70ebd2d31b0a42f9499ffdd3ecb2f31a5b73ee43031ad", size = 4808151, upload-time = "2026-04-18T04:35:55.176Z" },
    { url = "https://files.pythonhosted.org/packages/4d/f0/25dbf84ed5a83d7f3e8bbed7f7ec354e0bda198d4f360dbe67996d6b83fc/lxml-6.1.0-cp39-cp39-musllinux_1_2_riscv64.whl", hash = "sha256:c748ebcb6877de89f48ab90ca96642ac458fff5dec291a2b9337cd4d0934e383", size = 5352754, upload-time = "2026-04-18T04:35:57.928Z" },
    { url = "https://files.pythonhosted.org/packages/c2/8b/98a6fd25ffd71ee32000ef402717937514e6a53ea3cd155437d9f1b7efd0/lxml-6.1.0-cp39-cp39-musllinux_1_2_x86_64.whl", hash = "sha256:08950a23f296b3f83521577274e3d3b0f3d739bf2e68d01a752e4288bc50d286", size = 5315169, upload-time = "2026-04-18T04:36:00.947Z" },
    { url = "https://files.pythonhosted.org/packages/64/76/f2e129250eb2d79155630c78bfd17a12b8ae4907cba70ef7defb7e46159a/lxml-6.1.0-cp39-cp39-win32.whl", hash = "sha256:11a873c77a181b4fef9c2e357d08ed399542c2af1390101da66720a19c7c9618", size = 3601056, upload-time = "2026-04-18T04:32:40.29Z" },
    { url = "https://files.pythonhosted.org/packages/e8/9f/c2d0bf629547f17e3a3e568d4ee7b42a5ecfbf03e145903c0636ef04ef82/lxml-6.1.0-cp39-cp39-win_amd64.whl", hash = "sha256:81ff55c70b67d19d52b6fd118a114c0a4c97d799cd3089ff9bd9e2ff4b414ee2", size = 4024263, upload-time = "2026-04-18T04:32:42.88Z" },
    { url = "https://files.pythonhosted.org/packages/a1/93/5176afacf2b687efe96fb6933c23685b650df4018a4de43ea0da23e38860/lxml-6.1.0-cp39-cp39-win_arm64.whl", hash = "sha256:481d6e2104285d9add34f41b42b247b76b61c5b5c26c303c2e9707bbf8bd9a64", size = 3670698, upload-time = "2026-04-18T04:32:45.602Z" },
]

[[package]]
name = "packaging"
version = "26.1"
source = { registry = "https://pypi.org/simple" }
sdist = { url = "https://files.pythonhosted.org/packages/df/de/0d2b39fb4af88a0258f3bac87dfcbb48e73fbdea4a2ed0e2213f9a4c2f9a/packaging-26.1.tar.gz", hash = "sha256:f042152b681c4bfac5cae2742a55e103d27ab2ec0f3d88037136b6bfe7c9c5de", size = 215519, upload-time = "2026-04-14T21:12:49.362Z" }
wheels = [
    { url = "https://files.pythonhosted.org/packages/7a/c2/920ef838e2f0028c8262f16101ec09ebd5969864e5a64c4c05fad0617c56/packaging-26.1-py3-none-any.whl", hash = "sha256:5d9c0669c6285e491e0ced2eee587eaf67b670d94a19e94e3984a481aba6802f", size = 95831, upload-time = "2026-04-14T21:12:47.56Z" },
]

[[package]]
name = "pluggy"
version = "1.6.0"
source = { registry = "https://pypi.org/simple" }
sdist = { url = "https://files.pythonhosted.org/packages/f9/e2/3e91f31a7d2b083fe6ef3fa267035b518369d9511ffab804f839851d2779/pluggy-1.6.0.tar.gz", hash = "sha256:7dcc130b76258d33b90f61b658791dede3486c3e6bfb003ee5c9bfb396dd22f3", size = 69412, upload-time = "2025-05-15T12:30:07.975Z" }
wheels = [
    { url = "https://files.pythonhosted.org/packages/54/20/4d324d65cc6d9205fabedc306948156824eb9f0ee1633355a8f7ec5c66bf/pluggy-1.6.0-py3-none-any.whl", hash = "sha256:e920276dd6813095e9377c0bc5566d94c932c33b27a3e3945d8389c374dd4746", size = 20538, upload-time = "2025-05-15T12:30:06.134Z" },
]

[[package]]
name = "pygments"
version = "2.20.0"
source = { registry = "https://pypi.org/simple" }
sdist = { url = "https://files.pythonhosted.org/packages/c3/b2/bc9c9196916376152d655522fdcebac55e66de6603a76a02bca1b6414f6c/pygments-2.20.0.tar.gz", hash = "sha256:6757cd03768053ff99f3039c1a36d6c0aa0b263438fcab17520b30a303a82b5f", size = 4955991, upload-time = "2026-03-29T13:29:33.898Z" }
wheels = [
    { url = "https://files.pythonhosted.org/packages/f4/7e/a72dd26f3b0f4f2bf1dd8923c85f7ceb43172af56d63c7383eb62b332364/pygments-2.20.0-py3-none-any.whl", hash = "sha256:81a9e26dd42fd28a23a2d169d86d7ac03b46e2f8b59ed4698fb4785f946d0176", size = 1231151, upload-time = "2026-03-29T13:29:30.038Z" },
]

[[package]]
name = "pytest"
version = "8.4.2"
source = { registry = "https://pypi.org/simple" }
dependencies = [
    { name = "colorama", marker = "sys_platform == 'win32'" },
    { name = "exceptiongroup" },
    { name = "iniconfig" },
    { name = "packaging" },
    { name = "pluggy" },
    { name = "pygments" },
    { name = "tomli" },
]
sdist = { url = "https://files.pythonhosted.org/packages/a3/5c/00a0e072241553e1a7496d638deababa67c5058571567b92a7eaa258397c/pytest-8.4.2.tar.gz", hash = "sha256:86c0d0b93306b961d58d62a4db4879f27fe25513d4b969df351abdddb3c30e01", size = 1519618, upload-time = "2025-09-04T14:34:22.711Z" }
wheels = [
    { url = "https://files.pythonhosted.org/packages/a8/a4/20da314d277121d6534b3a980b29035dcd51e6744bd79075a6ce8fa4eb8d/pytest-8.4.2-py3-none-any.whl", hash = "sha256:872f880de3fc3a5bdc88a11b39c9710c3497a547cfa9320bc3c5e62fbf272e79", size = 365750, upload-time = "2025-09-04T14:34:20.226Z" },
]

[[package]]
name = "python-dotenv"
version = "1.2.1"
source = { registry = "https://pypi.org/simple" }
sdist = { url = "https://files.pythonhosted.org/packages/f0/26/19cadc79a718c5edbec86fd4919a6b6d3f681039a2f6d66d14be94e75fb9/python_dotenv-1.2.1.tar.gz", hash = "sha256:42667e897e16ab0d66954af0e60a9caa94f0fd4ecf3aaf6d2d260eec1aa36ad6", size = 44221, upload-time = "2025-10-26T15:12:10.434Z" }
wheels = [
    { url = "https://files.pythonhosted.org/packages/14/1b/a298b06749107c305e1fe0f814c6c74aea7b2f1e10989cb30f544a1b3253/python_dotenv-1.2.1-py3-none-any.whl", hash = "sha256:b81ee9561e9ca4004139c6cbba3a238c32b03e4894671e181b671e8cb8425d61", size = 21230, upload-time = "2025-10-26T15:12:09.109Z" },
]

[[package]]
name = "rapidfuzz"
version = "3.13.0"
source = { registry = "https://pypi.org/simple" }
sdist = { url = "https://files.pythonhosted.org/packages/ed/f6/6895abc3a3d056b9698da3199b04c0e56226d530ae44a470edabf8b664f0/rapidfuzz-3.13.0.tar.gz", hash = "sha256:d2eaf3839e52cbcc0accbe9817a67b4b0fcf70aaeb229cfddc1c28061f9ce5d8", size = 57904226, upload-time = "2025-04-03T20:38:51.226Z" }
wheels = [
    { url = "https://files.pythonhosted.org/packages/24/23/fceeab4ed5d0ecddd573b19502547fdc9be80418628bb8947fc22e905844/rapidfuzz-3.13.0-cp39-cp39-macosx_10_9_x86_64.whl", hash = "sha256:cc64da907114d7a18b5e589057e3acaf2fec723d31c49e13fedf043592a3f6a7", size = 2002049, upload-time = "2025-04-03T20:37:21.715Z" },
    { url = "https://files.pythonhosted.org/packages/f4/20/189c716da9e3c5a907b4620b6c326fc09c47dab10bf025b9482932b972ba/rapidfuzz-3.13.0-cp39-cp39-macosx_11_0_arm64.whl", hash = "sha256:4d9d7f84c8e992a8dbe5a3fdbea73d733da39bf464e62c912ac3ceba9c0cff93", size = 1452832, upload-time = "2025-04-03T20:37:24.008Z" },
    { url = "https://files.pythonhosted.org/packages/e3/3c/195f8c4b4a76e00c4d2f5f4ebec2c2108a81afbb1339a3378cf9b370bd02/rapidfuzz-3.13.0-cp39-cp39-manylinux_2_17_aarch64.manylinux2014_aarch64.whl", hash = "sha256:1a79a2f07786a2070669b4b8e45bd96a01c788e7a3c218f531f3947878e0f956", size = 1426492, upload-time = "2025-04-03T20:37:26.25Z" },
    { url = "https://files.pythonhosted.org/packages/ae/8e/e1eca4b25ecdfed51750008e9b0f5d3539bbd897f8ea14f525738775d1b6/rapidfuzz-3.13.0-cp39-cp39-manylinux_2_17_i686.manylinux2014_i686.whl", hash = "sha256:9f338e71c45b69a482de8b11bf4a029993230760120c8c6e7c9b71760b6825a1", size = 5343427, upload-time = "2025-04-03T20:37:28.959Z" },
    { url = "https://files.pythonhosted.org/packages/48/0d/366b972b54d7d6edd83c86ebcdf5ca446f35fba72d8b283a3629f0677b7f/rapidfuzz-3.13.0-cp39-cp39-manylinux_2_17_ppc64le.manylinux2014_ppc64le.whl", hash = "sha256:adb40ca8ddfcd4edd07b0713a860be32bdf632687f656963bcbce84cea04b8d8", size = 1649583, upload-time = "2025-04-03T20:37:31.435Z" },
    { url = "https://files.pythonhosted.org/packages/93/1b/7f5841392bae67e645dc39e49b37824028a400c489e8afb16eb1e5095da8/rapidfuzz-3.13.0-cp39-cp39-manylinux_2_17_s390x.manylinux2014_s390x.whl", hash = "sha256:48719f7dcf62dfb181063b60ee2d0a39d327fa8ad81b05e3e510680c44e1c078", size = 1615186, upload-time = "2025-04-03T20:37:33.686Z" },
    { url = "https://files.pythonhosted.org/packages/5e/00/861a4601e4685efd8161966cf35728806fb9df112b6951585bb194f74379/rapidfuzz-3.13.0-cp39-cp39-manylinux_2_17_x86_64.manylinux2014_x86_64.whl", hash = "sha256:9327a4577f65fc3fb712e79f78233815b8a1c94433d0c2c9f6bc5953018b3565", size = 3080994, upload-time = "2025-04-03T20:37:35.935Z" },
    { url = "https://files.pythonhosted.org/packages/6f/5a/19c03bc9a550f63875d8db25c3d9b2e6d98757bd28ea1a1fd40ec6b22ee1/rapidfuzz-3.13.0-cp39-cp39-musllinux_1_2_aarch64.whl", hash = "sha256:200030dfc0a1d5d6ac18e993c5097c870c97c41574e67f227300a1fb74457b1d", size = 2492755, upload-time = "2025-04-03T20:37:38.665Z" },
    { url = "https://files.pythonhosted.org/packages/f0/44/5b860b4dcab7ee6f4ded818d5b0bf548772519386418ab84e9f395c7e995/rapidfuzz-3.13.0-cp39-cp39-musllinux_1_2_i686.whl", hash = "sha256:cc269e74cad6043cb8a46d0ce580031ab642b5930562c2bb79aa7fbf9c858d26", size = 7577160, upload-time = "2025-04-03T20:37:41.056Z" },
    { url = "https://files.pythonhosted.org/packages/d0/64/22aab1c17c96ae344a06e5be692a62977d6acd5dd7f8470a8e068111282a/rapidfuzz-3.13.0-cp39-cp39-musllinux_1_2_ppc64le.whl", hash = "sha256:e62779c6371bd2b21dbd1fdce89eaec2d93fd98179d36f61130b489f62294a92", size = 2891173, upload-time = "2025-04-03T20:37:43.647Z" },
    { url = "https://files.pythonhosted.org/packages/9b/da/e4928f158c5cebe2877dc11dea62d230cc02bd977992cf4bf33c41ae6ffe/rapidfuzz-3.13.0-cp39-cp39-musllinux_1_2_s390x.whl", hash = "sha256:f4797f821dc5d7c2b6fc818b89f8a3f37bcc900dd9e4369e6ebf1e525efce5db", size = 3434650, upload-time = "2025-04-03T20:37:47.015Z" },
    { url = "https://files.pythonhosted.org/packages/5c/d7/a126c0f4ae2b7927d2b7a4206e2b98db2940591d4edcb350d772b97d18ba/rapidfuzz-3.13.0-cp39-cp39-musllinux_1_2_x86_64.whl", hash = "sha256:d21f188f6fe4fbf422e647ae9d5a68671d00218e187f91859c963d0738ccd88c", size = 4414291, upload-time = "2025-04-03T20:37:49.55Z" },
    { url = "https://files.pythonhosted.org/packages/d7/b0/3ad076cd513f5562b99c9e62760f7c451cd29f3d47d80ae40c8070e813f4/rapidfuzz-3.13.0-cp39-cp39-win32.whl", hash = "sha256:45dd4628dd9c21acc5c97627dad0bb791764feea81436fb6e0a06eef4c6dceaa", size = 1845012, upload-time = "2025-04-03T20:37:52.423Z" },
    { url = "https://files.pythonhosted.org/packages/aa/0f/b6a37389f33c777de96b26f0ae1362d3524cad3fb84468a46346c24b6a98/rapidfuzz-3.13.0-cp39-cp39-win_amd64.whl", hash = "sha256:624a108122039af89ddda1a2b7ab2a11abe60c1521956f142f5d11bcd42ef138", size = 1627071, upload-time = "2025-04-03T20:37:54.757Z" },
    { url = "https://files.pythonhosted.org/packages/89/10/ce1083b678db3e39b9a42244471501fb4d925b7cab0a771790d2ca3b3c27/rapidfuzz-3.13.0-cp39-cp39-win_arm64.whl", hash = "sha256:435071fd07a085ecbf4d28702a66fd2e676a03369ee497cc38bcb69a46bc77e2", size = 867233, upload-time = "2025-04-03T20:37:57.825Z" },
    { url = "https://files.pythonhosted.org/packages/67/28/76470c1da02ea9c0ff299aa06d87057122e94b55db60c4f57acbce7b0432/rapidfuzz-3.13.0-pp39-pypy39_pp73-macosx_10_15_x86_64.whl", hash = "sha256:ccbd0e7ea1a216315f63ffdc7cd09c55f57851afc8fe59a74184cb7316c0598b", size = 1908943, upload-time = "2025-04-03T20:38:33.632Z" },
    { url = "https://files.pythonhosted.org/packages/ae/ff/fde4ebbc55da03a6319106eb287d87e2bc5e177e0c90c95c735086993c40/rapidfuzz-3.13.0-pp39-pypy39_pp73-macosx_11_0_arm64.whl", hash = "sha256:a50856f49a4016ef56edd10caabdaf3608993f9faf1e05c3c7f4beeac46bd12a", size = 1387875, upload-time = "2025-04-03T20:38:36.536Z" },
    { url = "https://files.pythonhosted.org/packages/d0/a1/ef21859170e9d7e7e7ee818e9541b71da756189586f87e129c7b13c79dd3/rapidfuzz-3.13.0-pp39-pypy39_pp73-manylinux_2_17_aarch64.manylinux2014_aarch64.whl", hash = "sha256:0fd05336db4d0b8348d7eaaf6fa3c517b11a56abaa5e89470ce1714e73e4aca7", size = 1373040, upload-time = "2025-04-03T20:38:39.294Z" },
    { url = "https://files.pythonhosted.org/packages/58/c7/2361a8787f12166212c7d4ad4d2a01b640164686ea39ee26b24fd12acd3e/rapidfuzz-3.13.0-pp39-pypy39_pp73-manylinux_2_17_i686.manylinux2014_i686.whl", hash = "sha256:573ad267eb9b3f6e9b04febce5de55d8538a87c56c64bf8fd2599a48dc9d8b77", size = 5254220, upload-time = "2025-04-03T20:38:42.201Z" },
    { url = "https://files.pythonhosted.org/packages/1d/55/a965d98d5acf4a27ddd1d6621f086231dd243820e8108e8da7fa8a01ca1f/rapidfuzz-3.13.0-pp39-pypy39_pp73-manylinux_2_17_x86_64.manylinux2014_x86_64.whl", hash = "sha256:30fd1451f87ccb6c2f9d18f6caa483116bbb57b5a55d04d3ddbd7b86f5b14998", size = 2990908, upload-time = "2025-04-03T20:38:44.794Z" },
    { url = "https://files.pythonhosted.org/packages/48/64/e49988ee08ddb6ca8757785577da0fe2302cf759a5b246f50eded8d66fdd/rapidfuzz-3.13.0-pp39-pypy39_pp73-win_amd64.whl", hash = "sha256:a6dd36d4916cf57ddb05286ed40b09d034ca5d4bca85c17be0cb6a21290597d9", size = 1555134, upload-time = "2025-04-03T20:38:47.337Z" },
]

[[package]]
name = "requests"
version = "2.32.5"
source = { registry = "https://pypi.org/simple" }
dependencies = [
    { name = "certifi" },
    { name = "charset-normalizer" },
    { name = "idna" },
    { name = "urllib3" },
]
sdist = { url = "https://files.pythonhosted.org/packages/c9/74/b3ff8e6c8446842c3f5c837e9c3dfcfe2018ea6ecef224c710c85ef728f4/requests-2.32.5.tar.gz", hash = "sha256:dbba0bac56e100853db0ea71b82b4dfd5fe2bf6d3754a8893c3af500cec7d7cf", size = 134517, upload-time = "2025-08-18T20:46:02.573Z" }
wheels = [
    { url = "https://files.pythonhosted.org/packages/1e/db/4254e3eabe8020b458f1a747140d32277ec7a271daf1d235b70dc0b4e6e3/requests-2.32.5-py3-none-any.whl", hash = "sha256:2462f94637a34fd532264295e186976db0f5d453d1cdd31473c85a6a161affb6", size = 64738, upload-time = "2025-08-18T20:46:00.542Z" },
]

[[package]]
name = "ruff"
version = "0.15.11"
source = { registry = "https://pypi.org/simple" }
sdist = { url = "https://files.pythonhosted.org/packages/e4/8d/192f3d7103816158dfd5ea50d098ef2aec19194e6cbccd4b3485bdb2eb2d/ruff-0.15.11.tar.gz", hash = "sha256:f092b21708bf0e7437ce9ada249dfe688ff9a0954fc94abab05dcea7dcd29c33", size = 4637264, upload-time = "2026-04-16T18:46:26.58Z" }
wheels = [
    { url = "https://files.pythonhosted.org/packages/02/1e/6aca3427f751295ab011828e15e9bf452200ac74484f1db4be0197b8170b/ruff-0.15.11-py3-none-linux_armv6l.whl", hash = "sha256:e927cfff503135c558eb581a0c9792264aae9507904eb27809cdcff2f2c847b7", size = 10607943, upload-time = "2026-04-16T18:46:05.967Z" },
    { url = "https://files.pythonhosted.org/packages/e7/26/1341c262e74f36d4e84f3d6f4df0ac68cd53331a66bfc5080daa17c84c0b/ruff-0.15.11-py3-none-macosx_10_12_x86_64.whl", hash = "sha256:7a1b5b2938d8f890b76084d4fa843604d787a912541eae85fd7e233398bbb73e", size = 10988592, upload-time = "2026-04-16T18:46:00.742Z" },
    { url = "https://files.pythonhosted.org/packages/03/71/850b1d6ffa9564fbb6740429bad53df1094082fe515c8c1e74b6d8d05f18/ruff-0.15.11-py3-none-macosx_11_0_arm64.whl", hash = "sha256:d4176f3d194afbdaee6e41b9ccb1a2c287dba8700047df474abfbe773825d1cb", size = 10338501, upload-time = "2026-04-16T18:46:03.723Z" },
    { url = "https://files.pythonhosted.org/packages/f2/11/cc1284d3e298c45a817a6aadb6c3e1d70b45c9b36d8d9cce3387b495a03a/ruff-0.15.11-py3-none-manylinux_2_17_aarch64.manylinux2014_aarch64.whl", hash = "sha256:3b17c886fb88203ced3afe7f14e8d5ae96e9d2f4ccc0ee66aa19f2c2675a27e4", size = 10670693, upload-time = "2026-04-16T18:46:41.941Z" },
    { url = "https://files.pythonhosted.org/packages/ce/9e/f8288b034ab72b371513c13f9a41d9ba3effac54e24bfb467b007daee2ca/ruff-0.15.11-py3-none-manylinux_2_17_armv7l.manylinux2014_armv7l.whl", hash = "sha256:49fafa220220afe7758a487b048de4c8f9f767f37dfefad46b9dd06759d003eb", size = 10416177, upload-time = "2026-04-16T18:46:21.717Z" },
    { url = "https://files.pythonhosted.org/packages/85/71/504d79abfd3d92532ba6bbe3d1c19fada03e494332a59e37c7c2dabae427/ruff-0.15.11-py3-none-manylinux_2_17_i686.manylinux2014_i686.whl", hash = "sha256:f2ab8427e74a00d93b8bda1307b1e60970d40f304af38bccb218e056c220120d", size = 11221886, upload-time = "2026-04-16T18:46:15.086Z" },
    { url = "https://files.pythonhosted.org/packages/43/5a/947e6ab7a5ad603d65b474be15a4cbc6d29832db5d762cd142e4e3a74164/ruff-0.15.11-py3-none-manylinux_2_17_ppc64le.manylinux2014_ppc64le.whl", hash = "sha256:195072c0c8e1fc8f940652073df082e37a5d9cb43b4ab1e4d0566ab8977a13b7", size = 12075183, upload-time = "2026-04-16T18:46:07.944Z" },
    { url = "https://files.pythonhosted.org/packages/9f/a1/0b7bb6268775fdd3a0818aee8efd8f5b4e231d24dd4d528ced2534023182/ruff-0.15.11-py3-none-manylinux_2_17_s390x.manylinux2014_s390x.whl", hash = "sha256:a3a0996d486af3920dec930a2e7daed4847dfc12649b537a9335585ada163e9e", size = 11516575, upload-time = "2026-04-16T18:46:31.687Z" },
    { url = "https://files.pythonhosted.org/packages/30/c3/bb5168fc4d233cc06e95f482770d0f3c87945a0cd9f614b90ea8dc2f2833/ruff-0.15.11-py3-none-manylinux_2_17_x86_64.manylinux2014_x86_64.whl", hash = "sha256:1bef2cb556d509259f1fe440bb9cd33c756222cf0a7afe90d15edf0866702431", size = 11306537, upload-time = "2026-04-16T18:46:36.988Z" },
    { url = "https://files.pythonhosted.org/packages/e4/92/4cfae6441f3967317946f3b788136eecf093729b94d6561f963ed810c82e/ruff-0.15.11-py3-none-manylinux_2_31_riscv64.whl", hash = "sha256:030d921a836d7d4a12cf6e8d984a88b66094ccb0e0f17ddd55067c331191bf19", size = 11296813, upload-time = "2026-04-16T18:46:24.182Z" },
    { url = "https://files.pythonhosted.org/packages/43/26/972784c5dde8313acde8ac71ba8ac65475b85db4a2352a76c9934361f9bc/ruff-0.15.11-py3-none-musllinux_1_2_aarch64.whl", hash = "sha256:0e783b599b4577788dbbb66b9addcef87e9a8832f4ce0c19e34bf55543a2f890", size = 10633136, upload-time = "2026-04-16T18:46:39.802Z" },
    { url = "https://files.pythonhosted.org/packages/5b/53/3985a4f185020c2f367f2e08a103032e12564829742a1b417980ce1514a0/ruff-0.15.11-py3-none-musllinux_1_2_armv7l.whl", hash = "sha256:ae90592246625ba4a34349d68ec28d4400d75182b71baa196ddb9f82db025ef5", size = 10424701, upload-time = "2026-04-16T18:46:10.381Z" },
    { url = "https://files.pythonhosted.org/packages/d3/57/bf0dfb32241b56c83bb663a826133da4bf17f682ba8c096973065f6e6a68/ruff-0.15.11-py3-none-musllinux_1_2_i686.whl", hash = "sha256:1f111d62e3c983ed20e0ca2e800f8d77433a5b1161947df99a5c2a3fb60514f0", size = 10873887, upload-time = "2026-04-16T18:46:29.157Z" },
    { url = "https://files.pythonhosted.org/packages/02/05/e48076b2a57dc33ee8c7a957296f97c744ca891a8ffb4ffb1aaa3b3f517d/ruff-0.15.11-py3-none-musllinux_1_2_x86_64.whl", hash = "sha256:06f483d6646f59eaffba9ae30956370d3a886625f511a3108994000480621d1c", size = 11404316, upload-time = "2026-04-16T18:46:19.462Z" },
    { url = "https://files.pythonhosted.org/packages/88/27/0195d15fe7a897cbcba0904792c4b7c9fdd958456c3a17d2ea6093716a9a/ruff-0.15.11-py3-none-win32.whl", hash = "sha256:476a2aa56b7da0b73a3ee80b6b2f0e19cce544245479adde7baa65466664d5f3", size = 10655535, upload-time = "2026-04-16T18:46:12.47Z" },
    { url = "https://files.pythonhosted.org/packages/3a/5e/c927b325bd4c1d3620211a4b96f47864633199feed60fa936025ab27e090/ruff-0.15.11-py3-none-win_amd64.whl", hash = "sha256:8b6756d88d7e234fb0c98c91511aae3cd519d5e3ed271cae31b20f39cb2a12a3", size = 11779692, upload-time = "2026-04-16T18:46:17.268Z" },
    { url = "https://files.pythonhosted.org/packages/63/b6/aeadee5443e49baa2facd51131159fd6301cc4ccfc1541e4df7b021c37dd/ruff-0.15.11-py3-none-win_arm64.whl", hash = "sha256:063fed18cc1bbe0ee7393957284a6fe8b588c6a406a285af3ee3f46da2391ee4", size = 11032614, upload-time = "2026-04-16T18:46:34.487Z" },
]

[[package]]
name = "soupsieve"
version = "2.8.3"
source = { registry = "https://pypi.org/simple" }
sdist = { url = "https://files.pythonhosted.org/packages/7b/ae/2d9c981590ed9999a0d91755b47fc74f74de286b0f5cee14c9269041e6c4/soupsieve-2.8.3.tar.gz", hash = "sha256:3267f1eeea4251fb42728b6dfb746edc9acaffc4a45b27e19450b676586e8349", size = 118627, upload-time = "2026-01-20T04:27:02.457Z" }
wheels = [
    { url = "https://files.pythonhosted.org/packages/46/2c/1462b1d0a634697ae9e55b3cecdcb64788e8b7d63f54d923fcd0bb140aed/soupsieve-2.8.3-py3-none-any.whl", hash = "sha256:ed64f2ba4eebeab06cc4962affce381647455978ffc1e36bb79a545b91f45a95", size = 37016, upload-time = "2026-01-20T04:27:01.012Z" },
]

[[package]]
name = "tomli"
version = "2.4.1"
source = { registry = "https://pypi.org/simple" }
sdist = { url = "https://files.pythonhosted.org/packages/22/de/48c59722572767841493b26183a0d1cc411d54fd759c5607c4590b6563a6/tomli-2.4.1.tar.gz", hash = "sha256:7c7e1a961a0b2f2472c1ac5b69affa0ae1132c39adcb67aba98568702b9cc23f", size = 17543, upload-time = "2026-03-25T20:22:03.828Z" }
wheels = [
    { url = "https://files.pythonhosted.org/packages/7b/61/cceae43728b7de99d9b847560c262873a1f6c98202171fd5ed62640b494b/tomli-2.4.1-py3-none-any.whl", hash = "sha256:0d85819802132122da43cb86656f8d1f8c6587d54ae7dcaf30e90533028b49fe", size = 14583, upload-time = "2026-03-25T20:22:03.012Z" },
]

[[package]]
name = "typing-extensions"
version = "4.15.0"
source = { registry = "https://pypi.org/simple" }
sdist = { url = "https://files.pythonhosted.org/packages/72/94/1a15dd82efb362ac84269196e94cf00f187f7ed21c242792a923cdb1c61f/typing_extensions-4.15.0.tar.gz", hash = "sha256:0cea48d173cc12fa28ecabc3b837ea3cf6f38c6d1136f85cbaaf598984861466", size = 109391, upload-time = "2025-08-25T13:49:26.313Z" }
wheels = [
    { url = "https://files.pythonhosted.org/packages/18/67/36e9267722cc04a6b9f15c7f3441c2363321a3ea07da7ae0c0707beb2a9c/typing_extensions-4.15.0-py3-none-any.whl", hash = "sha256:f0fa19c6845758ab08074a0cfa8b7aecb71c999ca73d62883bc25cc018c4e548", size = 44614, upload-time = "2025-08-25T13:49:24.86Z" },
]

[[package]]
name = "urllib3"
version = "2.6.3"
source = { registry = "https://pypi.org/simple" }
sdist = { url = "https://files.pythonhosted.org/packages/c7/24/5f1b3bdffd70275f6661c76461e25f024d5a38a46f04aaca912426a2b1d3/urllib3-2.6.3.tar.gz", hash = "sha256:1b62b6884944a57dbe321509ab94fd4d3b307075e0c2eae991ac71ee15ad38ed", size = 435556, upload-time = "2026-01-07T16:24:43.925Z" }
wheels = [
    { url = "https://files.pythonhosted.org/packages/39/08/aaaad47bc4e9dc8c725e68f9d04865dbcb2052843ff09c97b08904852d84/urllib3-2.6.3-py3-none-any.whl", hash = "sha256:bf272323e553dfb2e87d9bfd225ca7b0f467b919d7bbd355436d3fd37cb0acd4", size = 131584, upload-time = "2026-01-07T16:24:42.685Z" },
]
